
Microsoft Visual Studio Solution File, Format Version 12.00
# Visual Studio Version 17
VisualStudioVersion = 17.8.34408.163
MinimumVisualStudioVersion = 10.0.40219.1
Project("{FAE04EC0-301F-11D3-BF4B-00C04F79EFBC}") = "Valhalla.NET", "Valhalla.NET\Valhalla.NET.csproj", "{31D48596-2A97-4380-9DB7-282F14590CCC}"
EndProject
Global
	GlobalSection(SolutionConfigurationPlatforms) = preSolution
		Debug|Any CPU = Debug|Any CPU
		Release|Any CPU = Release|Any CPU
	EndGlobalSection
	GlobalSection(ProjectConfigurationPlatforms) = postSolution
		{31D48596-2A97-4380-9DB7-282F14590CCC}.Debug|Any CPU.ActiveCfg = Debug|Any CPU
		{31D48596-2A97-4380-9DB7-282F14590CCC}.Debug|Any CPU.Build.0 = Debug|Any CPU
		{31D48596-2A97-4380-9DB7-282F14590CCC}.Release|Any CPU.ActiveCfg = Release|Any CPU
		{31D48596-2A97-4380-9DB7-282F14590CCC}.Release|Any CPU.Build.0 = Release|Any CPU
	EndGlobalSection
	GlobalSection(SolutionProperties) = preSolution
		HideSolutionNode = FALSE
	EndGlobalSection
	GlobalSection(ExtensibilityGlobals) = postSolution
		SolutionGuid = {A74B2D46-CF3D-488C-A5CF-6CC58F5F14AD}
	EndGlobalSection
EndGlobal
